
Microsoft Visual Studio Solution File, Format Version 12.00
# Visual Studio Version 17
VisualStudioVersion = 17.3.32819.101
MinimumVisualStudioVersion = 10.0.40219.1
Project("{FAE04EC0-301F-11D3-BF4B-00C04F79EFBC}") = "MVVMLiveDemo", "MVVMLiveDemo.csproj", "{DC0AD8EA-12A7-4DC9-B11D-D7D71A479F39}"
EndProject
Global
	GlobalSection(SolutionConfigurationPlatforms) = preSolution
		Debug|Any CPU = Debug|Any CPU
		Release|Any CPU = Release|Any CPU
	EndGlobalSection
	GlobalSection(ProjectConfigurationPlatforms) = postSolution
		{DC0AD8EA-12A7-4DC9-B11D-D7D71A479F39}.Debug|Any CPU.ActiveCfg = Debug|Any CPU
		{DC0AD8EA-12A7-4DC9-B11D-D7D71A479F39}.Debug|Any CPU.Build.0 = Debug|Any CPU
		{DC0AD8EA-12A7-4DC9-B11D-D7D71A479F39}.Release|Any CPU.ActiveCfg = Release|Any CPU
		{DC0AD8EA-12A7-4DC9-B11D-D7D71A479F39}.Release|Any CPU.Build.0 = Release|Any CPU
	EndGlobalSection
	GlobalSection(SolutionProperties) = preSolution
		HideSolutionNode = FALSE
	EndGlobalSection
	GlobalSection(ExtensibilityGlobals) = postSolution
		SolutionGuid = {8076FBAD-FCB4-48AF-9542-BBAA2F057294}
	EndGlobalSection
EndGlobal
